// !$*UTF8*$!
{
	archiveVersion = 1;
	classes = {
	};
	objectVersion = 48;
	objects = {

/* Begin PBXBuildFile section */
		D678FC4120570678001E5F90 /* AppDelegate.swift in Sources */ = {isa = PBXBuildFile; fileRef = D678FC4020570678001E5F90 /* AppDelegate.swift */; };
		D678FC4320570678001E5F90 /* ViewController.swift in Sources */ = {isa = PBXBuildFile; fileRef = D678FC4220570678001E5F90 /* ViewController.swift */; };
		D678FC4620570678001E5F90 /* Main.storyboard in Resources */ = {isa = PBXBuildFile; fileRef = D678FC4420570678001E5F90 /* Main.storyboard */; };
		D678FC4920570678001E5F90 /* guessing_game_ios.xcdatamodeld in Sources */ = {isa = PBXBuildFile; fileRef = D678FC4720570678001E5F90 /* guessing_game_ios.xcdatamodeld */; };
		D678FC4B20570678001E5F90 /* Assets.xcassets in Resources */ = {isa = PBXBuildFile; fileRef = D678FC4A20570678001E5F90 /* Assets.xcassets */; };
		D678FC4E20570678001E5F90 /* LaunchScreen.storyboard in Resources */ = {isa = PBXBuildFile; fileRef = D678FC4C20570678001E5F90 /* LaunchScreen.storyboard */; };
/* End PBXBuildFile section */

/* Begin PBXFileReference section */
		D678FC3D20570678001E5F90 /* guessing-game-ios.app */ = {isa = PBXFileReference; explicitFileType = wrapper.application; includeInIndex = 0; path = "guessing-game-ios.app"; sourceTree = BUILT_PRODUCTS_DIR; };
		D678FC4020570678001E5F90 /* AppDelegate.swift */ = {isa = PBXFileReference; lastKnownFileType = sourcecode.swift; path = AppDelegate.swift; sourceTree = "<group>"; };
		D678FC4220570678001E5F90 /* ViewController.swift */ = {isa = PBXFileReference; lastKnownFileType = sourcecode.swift; path = ViewController.swift; sourceTree = "<group>"; };
		D678FC4520570678001E5F90 /* Base */ = {isa = PBXFileReference; lastKnownFileType = file.storyboard; name = Base; path = Base.lproj/Main.storyboard; sourceTree = "<group>"; };
		D678FC4820570678001E5F90 /* guessing_game_ios.xcdatamodel */ = {isa = PBXFileReference; lastKnownFileType = wrapper.xcdatamodel; path = guessing_game_ios.xcdatamodel; sourceTree = "<group>"; };
		D678FC4A20570678001E5F90 /* Assets.xcassets */ = {isa = PBXFileReference; lastKnownFileType = folder.assetcatalog; path = Assets.xcassets; sourceTree = "<group>"; };
		D678FC4D20570678001E5F90 /* Base */ = {isa = PBXFileReference; lastKnownFileType = file.storyboard; name = Base; path = Base.lproj/LaunchScreen.storyboard; sourceTree = "<group>"; };
		D678FC4F20570678001E5F90 /* Info.plist */ = {isa = PBXFileReference; lastKnownFileType = text.plist.xml; path = Info.plist; sourceTree = "<group>"; };
/* End PBXFileReference section */

/* Begin PBXFrameworksBuildPhase section */
		D678FC3A20570678001E5F90 /* Frameworks */ = {
			isa = PBXFrameworksBuildPhase;
			buildActionMask = 2147483647;
			files = (
			);
			runOnlyForDeploymentPostprocessing = 0;
		};
/* End PBXFrameworksBuildPhase section */

/* Begin PBXGroup section */
		D678FC3420570678001E5F90 = {
			isa = PBXGroup;
			children = (
				D678FC3F20570678001E5F90 /* guessing-game-ios */,
				D678FC3E20570678001E5F90 /* Products */,
			);
			sourceTree = "<group>";
		};
		D678FC3E20570678001E5F90 /* Products */ = {
			isa = PBXGroup;
			children = (
				D678FC3D20570678001E5F90 /* guessing-game-ios.app */,
			);
			name = Products;
			sourceTree = "<group>";
		};
		D678FC3F20570678001E5F90 /* guessing-game-ios */ = {
			isa = PBXGroup;
			children = (
				D678FC4020570678001E5F90 /* AppDelegate.swift */,
				D678FC4220570678001E5F90 /* ViewController.swift */,
				D678FC4420570678001E5F90 /* Main.storyboard */,
				D678FC4A20570678001E5F90 /* Assets.xcassets */,
				D678FC4C20570678001E5F90 /* LaunchScreen.storyboard */,
				D678FC4F20570678001E5F90 /* Info.plist */,
				D678FC4720570678001E5F90 /* guessing_game_ios.xcdatamodeld */,
			);
			path = "guessing-game-ios";
			sourceTree = "<group>";
		};
/* End PBXGroup section */

/* Begin PBXNativeTarget section */
		D678FC3C20570678001E5F90 /* guessing-game-ios */ = {
			isa = PBXNativeTarget;
			buildConfigurationList = D678FC5220570678001E5F90 /* Build configuration list for PBXNativeTarget "guessing-game-ios" */;
			buildPhases = (
				D678FC3920570678001E5F90 /* Sources */,
				D678FC3A20570678001E5F90 /* Frameworks */,
				D678FC3B20570678001E5F90 /* Resources */,
			);
			buildRules = (
			);
			dependencies = (
			);
			name = "guessing-game-ios";
			productName = "guessing-game-ios";
			productReference = D678FC3D20570678001E5F90 /* guessing-game-ios.app */;
			productType = "com.apple.product-type.application";
		};
/* End PBXNativeTarget section */

/* Begin PBXProject section */
		D678FC3520570678001E5F90 /* Project object */ = {
			isa = PBXProject;
			attributes = {
				LastSwiftUpdateCheck = 0920;
				LastUpgradeCheck = 0920;
				ORGANIZATIONNAME = "Kenny Tran";
				TargetAttributes = {
					D678FC3C20570678001E5F90 = {
						CreatedOnToolsVersion = 9.2;
						ProvisioningStyle = Automatic;
					};
				};
			};
			buildConfigurationList = D678FC3820570678001E5F90 /* Build configuration list for PBXProject "guessing-game-ios" */;
			compatibilityVersion = "Xcode 8.0";
			developmentRegion = en;
			hasScannedForEncodings = 0;
			knownRegions = (
				en,
				Base,
			);
			mainGroup = D678FC3420570678001E5F90;
			productRefGroup = D678FC3E20570678001E5F90 /* Products */;
			projectDirPath = "";
			projectRoot = "";
			targets = (
				D678FC3C20570678001E5F90 /* guessing-game-ios */,
			);
		};
/* End PBXProject section */

/* Begin PBXResourcesBuildPhase section */
		D678FC3B20570678001E5F90 /* Resources */ = {
			isa = PBXResourcesBuildPhase;
			buildActionMask = 2147483647;
			files = (
				D678FC4E20570678001E5F90 /* LaunchScreen.storyboard in Resources */,
				D678FC4B20570678001E5F90 /* Assets.xcassets in Resources */,
				D678FC4620570678001E5F90 /* Main.storyboard in Resources */,
			);
			runOnlyForDeploymentPostprocessing = 0;
		};
/* End PBXResourcesBuildPhase section */

/* Begin PBXSourcesBuildPhase section */
		D678FC3920570678001E5F90 /* Sources */ = {
			isa = PBXSourcesBuildPhase;
			buildActionMask = 2147483647;
			files = (
				D678FC4320570678001E5F90 /* ViewController.swift in Sources */,
				D678FC4920570678001E5F90 /* guessing_game_ios.xcdatamodeld in Sources */,
				D678FC4120570678001E5F90 /* AppDelegate.swift in Sources */,
			);
			runOnlyForDeploymentPostprocessing = 0;
		};
/* End PBXSourcesBuildPhase section */

/* Begin PBXVariantGroup section */
		D678FC4420570678001E5F90 /* Main.storyboard */ = {
			isa = PBXVariantGroup;
			children = (
				D678FC4520570678001E5F90 /* Base */,
			);
			name = Main.storyboard;
			sourceTree = "<group>";
		};
		D678FC4C20570678001E5F90 /* LaunchScreen.storyboard */ = {
			isa = PBXVariantGroup;
			children = (
				D678FC4D20570678001E5F90 /* Base */,
			);
			name = LaunchScreen.storyboard;
			sourceTree = "<group>";
		};
/* End PBXVariantGroup section */

/* Begin XCBuildConfiguration section */
		D678FC5020570678001E5F90 /* Debug */ = {
			isa = XCBuildConfiguration;
			buildSettings = {
				ALWAYS_SEARCH_USER_PATHS = NO;
				CLANG_ANALYZER_NONNULL = YES;
				CLANG_ANALYZER_NUMBER_OBJECT_CONVERSION = YES_AGGRESSIVE;
				CLANG_CXX_LANGUAGE_STANDARD = "gnu++14";
				CLANG_CXX_LIBRARY = "libc++";
				CLANG_ENABLE_MODULES = YES;
				CLANG_ENABLE_OBJC_ARC = YES;
				CLANG_WARN_BLOCK_CAPTURE_AUTORELEASING = YES;
				CLANG_WARN_BOOL_CONVERSION = YES;
				CLANG_WARN_COMMA = YES;
				CLANG_WARN_CONSTANT_CONVERSION = YES;
				CLANG_WARN_DIRECT_OBJC_ISA_USAGE = YES_ERROR;
				CLANG_WARN_DOCUMENTATION_COMMENTS = YES;
				CLANG_WARN_EMPTY_BODY = YES;
				CLANG_WARN_ENUM_CONVERSION = YES;
				CLANG_WARN_INFINITE_RECURSION = YES;
				CLANG_WARN_INT_CONVERSION = YES;
				CLANG_WARN_NON_LITERAL_NULL_CONVERSION = YES;
				CLANG_WARN_OBJC_LITERAL_CONVERSION = YES;
				CLANG_WARN_OBJC_ROOT_CLASS = YES_ERROR;
				CLANG_WARN_RANGE_LOOP_ANALYSIS = YES;
				CLANG_WARN_STRICT_PROTOTYPES = YES;
				CLANG_WARN_SUSPICIOUS_MOVE = YES;
				CLANG_WARN_UNGUARDED_AVAILABILITY = YES_AGGRESSIVE;
				CLANG_WARN_UNREACHABLE_CODE = YES;
				CLANG_WARN__DUPLICATE_METHOD_MATCH = YES;
				CODE_SIGN_IDENTITY = "iPhone Developer";
				COPY_PHASE_STRIP = NO;
				DEBUG_INFORMATION_FORMAT = dwarf;
				ENABLE_STRICT_OBJC_MSGSEND = YES;
				ENABLE_TESTABILITY = YES;
				GCC_C_LANGUAGE_STANDARD = gnu11;
				GCC_DYNAMIC_NO_PIC = NO;
				GCC_NO_COMMON_BLOCKS = YES;
				GCC_OPTIMIZATION_LEVEL = 0;
				GCC_PREPROCESSOR_DEFINITIONS = (
					"DEBUG=1",
					"$(inherited)",
				);
				GCC_WARN_64_TO_32_BIT_CONVERSION = YES;
				GCC_WARN_ABOUT_RETURN_TYPE = YES_ERROR;
				GCC_WARN_UNDECLARED_SELECTOR = YES;
				GCC_WARN_UNINITIALIZED_AUTOS = YES_AGGRESSIVE;
				GCC_WARN_UNUSED_FUNCTION = YES;
				GCC_WARN_UNUSED_VARIABLE = YES;
				IPHONEOS_DEPLOYMENT_TARGET = 11.2;
				MTL_ENABLE_DEBUG_INFO = YES;
				ONLY_ACTIVE_ARCH = YES;
				SDKROOT = iphoneos;
				SWIFT_ACTIVE_COMPILATION_CONDITIONS = DEBUG;
				SWIFT_OPTIMIZATION_LEVEL = "-Onone";
			};
			name = Debug;
		};
		D678FC5120570678001E5F90 /* Release */ = {
			isa = XCBuildConfiguration;
			buildSettings = {
				ALWAYS_SEARCH_USER_PATHS = NO;
				CLANG_ANALYZER_NONNULL = YES;
				CLANG_ANALYZER_NUMBER_OBJECT_CONVERSION = YES_AGGRESSIVE;
				CLANG_CXX_LANGUAGE_STANDARD = "gnu++14";
				CLANG_CXX_LIBRARY = "libc++";
				CLANG_ENABLE_MODULES = YES;
				CLANG_ENABLE_OBJC_ARC = YES;
				CLANG_WARN_BLOCK_CAPTURE_AUTORELEASING = YES;
				CLANG_WARN_BOOL_CONVERSION = YES;
				CLANG_WARN_COMMA = YES;
				CLANG_WARN_CONSTANT_CONVERSION = YES;
				CLANG_WARN_DIRECT_OBJC_ISA_USAGE = YES_ERROR;
				CLANG_WARN_DOCUMENTATION_COMMENTS = YES;
				CLANG_WARN_EMPTY_BODY = YES;
				CLANG_WARN_ENUM_CONVERSION = YES;
				CLANG_WARN_INFINITE_RECURSION = YES;
				CLANG_WARN_INT_CONVERSION = YES;
				CLANG_WARN_NON_LITERAL_NULL_CONVERSION = YES;
				CLANG_WARN_OBJC_LITERAL_CONVERSION = YES;
				CLANG_WARN_OBJC_ROOT_CLASS = YES_ERROR;
				CLANG_WARN_RANGE_LOOP_ANALYSIS = YES;
				CLANG_WARN_STRICT_PROTOTYPES = YES;
				CLANG_WARN_SUSPICIOUS_MOVE = YES;
				CLANG_WARN_UNGUARDED_AVAILABILITY = YES_AGGRESSIVE;
				CLANG_WARN_UNREACHABLE_CODE = YES;
				CLANG_WARN__DUPLICATE_METHOD_MATCH = YES;
				CODE_SIGN_IDENTITY = "iPhone Developer";
				COPY_PHASE_STRIP = NO;
				DEBUG_INFORMATION_FORMAT = "dwarf-with-dsym";
				ENABLE_NS_ASSERTIONS = NO;
				ENABLE_STRICT_OBJC_MSGSEND = YES;
				GCC_C_LANGUAGE_STANDARD = gnu11;
				GCC_NO_COMMON_BLOCKS = YES;
				GCC_WARN_64_TO_32_BIT_CONVERSION = YES;
				GCC_WARN_ABOUT_RETURN_TYPE = YES_ERROR;
				GCC_WARN_UNDECLARED_SELECTOR = YES;
				GCC_WARN_UNINITIALIZED_AUTOS = YES_AGGRESSIVE;
				GCC_WARN_UNUSED_FUNCTION = YES;
				GCC_WARN_UNUSED_VARIABLE = YES;
				IPHONEOS_DEPLOYMENT_TARGET = 11.2;
				MTL_ENABLE_DEBUG_INFO = NO;
				SDKROOT = iphoneos;
				SWIFT_OPTIMIZATION_LEVEL = "-Owholemodule";
				VALIDATE_PRODUCT = YES;
			};
			name = Release;
		};
		D678FC5320570678001E5F90 /* Debug */ = {
			isa = XCBuildConfiguration;
			buildSettings = {
				ASSETCATALOG_COMPILER_APPICON_NAME = AppIcon;
				CODE_SIGN_STYLE = Automatic;
				INFOPLIST_FILE = "guessing-game-ios/Info.plist";
				LD_RUNPATH_SEARCH_PATHS = "$(inherited) @executable_path/Frameworks";
				PRODUCT_BUNDLE_IDENTIFIER = "kenny.guessing-game-ios";
				PRODUCT_NAME = "$(TARGET_NAME)";
				SWIFT_VERSION = 4.0;
				TARGETED_DEVICE_FAMILY = "1,2";
			};
			name = Debug;
		};
		D678FC5420570678001E5F90 /* Release */ = {
			isa = XCBuildConfiguration;
			buildSettings = {
				ASSETCATALOG_COMPILER_APPICON_NAME = AppIcon;
				CODE_SIGN_STYLE = Automatic;
				INFOPLIST_FILE = "guessing-game-ios/Info.plist";
				LD_RUNPATH_SEARCH_PATHS = "$(inherited) @executable_path/Frameworks";
				PRODUCT_BUNDLE_IDENTIFIER = "kenny.guessing-game-ios";
				PRODUCT_NAME = "$(TARGET_NAME)";
				SWIFT_VERSION = 4.0;
				TARGETED_DEVICE_FAMILY = "1,2";
			};
			name = Release;
		};
/* End XCBuildConfiguration section */

/* Begin XCConfigurationList section */
		D678FC3820570678001E5F90 /* Build configuration list for PBXProject "guessing-game-ios" */ = {
			isa = XCConfigurationList;
			buildConfigurations = (
				D678FC5020570678001E5F90 /* Debug */,
				D678FC5120570678001E5F90 /* Release */,
			);
			defaultConfigurationIsVisible = 0;
			defaultConfigurationName = Release;
		};
		D678FC5220570678001E5F90 /* Build configuration list for PBXNativeTarget "guessing-game-ios" */ = {
			isa = XCConfigurationList;
			buildConfigurations = (
				D678FC5320570678001E5F90 /* Debug */,
				D678FC5420570678001E5F90 /* Release */,
			);
			defaultConfigurationIsVisible = 0;
			defaultConfigurationName = Release;
		};
/* End XCConfigurationList section */

/* Begin XCVersionGroup section */
		D678FC4720570678001E5F90 /* guessing_game_ios.xcdatamodeld */ = {
			isa = XCVersionGroup;
			children = (
				D678FC4820570678001E5F90 /* guessing_game_ios.xcdatamodel */,
			);
			currentVersion = D678FC4820570678001E5F90 /* guessing_game_ios.xcdatamodel */;
			path = guessing_game_ios.xcdatamodeld;
			sourceTree = "<group>";
			versionGroupType = wrapper.xcdatamodel;
		};
/* End XCVersionGroup section */
	};
	rootObject = D678FC3520570678001E5F90 /* Project object */;
}
